{
  "name": "sling-graphql-samples-website-content-generation",
  "version": "1.0.0",
  "lockfileVersion": 1,
  "requires": true,
  "dependencies": {
    "@faker-js/faker": {
      "version": "6.0.0-alpha.3",
      "resolved": "https://registry.npmjs.org/@faker-js/faker/-/faker-6.0.0-alpha.3.tgz",
      "integrity": "sha512-8B+7Jlwb9ogcoluzxB6AaSRZn2gnoewTA/WygAYhWNxkrFKjQL0TDXK6AW6uJlASMKl7qG/qbEVtpjLByuL0ZQ=="
    },
    "fs": {
      "version": "0.0.1-security",
      "resolved": "https://registry.npmjs.org/fs/-/fs-0.0.1-security.tgz",
      "integrity": "sha1-invTcYa23d84E/I4WLV+yq9eQdQ="
    }
  }
}
